
Microsoft Visual Studio Solution File, Format Version 12.00
# Visual Studio Version 17
VisualStudioVersion = 17.8.34511.84
MinimumVisualStudioVersion = 10.0.40219.1
Project("{FAE04EC0-301F-11D3-BF4B-00C04F79EFBC}") = "HICrew", "HICrew\HICrew.csproj", "{D86E166E-2796-4C06-BE7B-772E477B5E30}"
EndProject
Global
	GlobalSection(SolutionConfigurationPlatforms) = preSolution
		Debug|Any CPU = Debug|Any CPU
		Release|Any CPU = Release|Any CPU
	EndGlobalSection
	GlobalSection(ProjectConfigurationPlatforms) = postSolution
		{D86E166E-2796-4C06-BE7B-772E477B5E30}.Debug|Any CPU.ActiveCfg = Debug|Any CPU
		{D86E166E-2796-4C06-BE7B-772E477B5E30}.Debug|Any CPU.Build.0 = Debug|Any CPU
		{D86E166E-2796-4C06-BE7B-772E477B5E30}.Debug|Any CPU.Deploy.0 = Debug|Any CPU
		{D86E166E-2796-4C06-BE7B-772E477B5E30}.Release|Any CPU.ActiveCfg = Release|Any CPU
		{D86E166E-2796-4C06-BE7B-772E477B5E30}.Release|Any CPU.Build.0 = Release|Any CPU
		{D86E166E-2796-4C06-BE7B-772E477B5E30}.Release|Any CPU.Deploy.0 = Release|Any CPU
	EndGlobalSection
	GlobalSection(SolutionProperties) = preSolution
		HideSolutionNode = FALSE
	EndGlobalSection
	GlobalSection(ExtensibilityGlobals) = postSolution
		SolutionGuid = {DC1FFA41-B0C8-4E6F-B86D-6519D65E3D7E}
	EndGlobalSection
EndGlobal
